github.com/essentialkaos/check v1.3.0 h1:ria+8o22RCLdt2D/1SHQsEH5Mmy5S+iWHaGHrrbPUc0=
github.com/essentialkaos/depsy v1.0.0 h1:FikBtTnNhk+xFO/hFr+CfiKs6QnA3wMD6tGL0XTEUkc=
github.com/essentialkaos/depsy v1.0.0/go.mod h1:XVsB2eVUonEzmLKQP3ig2P6v2+WcHVgJ10zm0JLqFMM=
github.com/essentialkaos/ek/v12 v12.60.1 h1:8soxFFOK5ryGxjrlcc6tAHdeVoCI5paIpXYqh+CTrMQ=
github.com/essentialkaos/ek/v12 v12.60.1/go.mod h1:aDym0Lf/AFZJ37hJhJ+JAw2AeQQAwcYksjSC5lDNWh4=
github.com/kisielk/gotool v1.0.0 h1:AV2c/EiW3KqPNT9ZKl07ehoAGi4C5/01Cfbblndcapg=
github.com/kisielk/gotool v1.0.0/go.mod h1:XhKaO+MFFWcvkIS/tQcRk01m1F5IRFswLeQ+oQHNcck=
github.com/kr/pretty v0.3.1 h1:flRD4NNwYAUpkphVc1HcthR4KEIFJ65n8Mw5qdRn3LE=
github.com/kr/text v0.2.0 h1:5Nx0Ya0ZqY2ygV366QzturHI13Jq95ApcVaJBhpS+AY=
github.com/rogpeppe/go-internal v1.9.0 h1:73kH8U+JUqXU8lRuOHeVHaa/SZPifC7BkcraZVejAe8=
golang.org/x/mod v0.9.0 h1:KENHtAZL2y3NLMYZeHY9DW8HW8V+kQyJsY/V9JlKvCs=
golang.org/x/sys v0.6.0 h1:MVltZSvRTcU2ljQOhs94SXPftV6DCNnZViHeQps87pQ=
golang.org/x/sys v0.6.0/go.mod h1:oPkhp1MJrh7nUepCBck5+mAzfO9JrbApNNgaTdGDITg=
golang.org/x/tools v0.7.0 h1:W4OVu8VVOaIO0yzWMNdepAulS7YfoS3Zabrm8DOXXU4=
golang.org/x/tools v0.7.0/go.mod h1:4pg6aUX35JBAogB10C9AtvVL+qowtN4pT3CGSQex14s=
