# This file is autogenerated, do not edit; changes may be undone by the next 'dep ensure'.


[[projects]]
  digest = "1:15ec2166e33ef6c60b344a04d050eec79193517e7f5082b6233b2d09ef0d10b8"
  name = "github.com/kisielk/gotool"
  packages = [
    ".",
    "internal/load",
  ]
  pruneopts = "UT"
  revision = "80517062f582ea3340cd4baf70e86d539ae7d84d"
  version = "v1.0.0"

[[projects]]
  branch = "master"
  digest = "1:0f495a83c85198dba81982ab41a623b39aa79aab211b599b88a24cabf868c201"
  name = "golang.org/x/tools"
  packages = [
    "go/ast/astutil",
    "go/buildutil",
    "go/internal/cgo",
    "go/loader",
  ]
  pruneopts = "UT"
  revision = "eacb66d2a7c3d6b93b39f7224e6bef6a44cbe70e"

[[projects]]
  digest = "1:35c05a187cbcdec37742a5a01942b1dbdb4668a72d354ac6cf7d53b26354936b"
  name = "pkg.re/essentialkaos/ek.v10"
  packages = [
    "env",
    "fmtc",
    "fmtutil",
    "mathutil",
    "options",
    "req",
    "strutil",
    "terminal/window",
    "usage",
    "usage/update",
    "version",
  ]
  pruneopts = "UT"
  revision = "8b2e8e5ebba8fe9e5d0f96c2bba3850697e82c84"
  version = "v10.11.0"

[solve-meta]
  analyzer-name = "dep"
  analyzer-version = 1
  input-imports = [
    "github.com/kisielk/gotool",
    "golang.org/x/tools/go/loader",
    "pkg.re/essentialkaos/ek.v10/fmtc",
    "pkg.re/essentialkaos/ek.v10/fmtutil",
    "pkg.re/essentialkaos/ek.v10/mathutil",
    "pkg.re/essentialkaos/ek.v10/options",
    "pkg.re/essentialkaos/ek.v10/strutil",
    "pkg.re/essentialkaos/ek.v10/usage",
    "pkg.re/essentialkaos/ek.v10/usage/update",
  ]
  solver-name = "gps-cdcl"
  solver-version = 1
