# This file is autogenerated, do not edit; changes may be undone by the next 'dep ensure'.


[[projects]]
  digest = "1:15ec2166e33ef6c60b344a04d050eec79193517e7f5082b6233b2d09ef0d10b8"
  name = "github.com/kisielk/gotool"
  packages = [
    ".",
    "internal/load",
  ]
  pruneopts = "UT"
  revision = "80517062f582ea3340cd4baf70e86d539ae7d84d"
  version = "v1.0.0"

[[projects]]
  branch = "master"
  digest = "1:af7b8aca45b9fb0ab85a1dcc16372621e2d019a57f688753d3b16f48fc87a529"
  name = "golang.org/x/sys"
  packages = ["execabs"]
  pruneopts = "UT"
  revision = "41cdb8703e55fbed9665f08d8cd477d875405277"

[[projects]]
  branch = "master"
  digest = "1:beda94b552f07eeffde0d25308e808a41a0113f8fc4e6dc5853d7fe724ba59ee"
  name = "golang.org/x/tools"
  packages = [
    "go/ast/astutil",
    "go/buildutil",
    "go/internal/cgo",
    "go/loader",
    "internal/typeparams",
  ]
  pruneopts = "UT"
  revision = "bf6c7f26e9f0fea5b256f9ef6968435dddc5be25"

[[projects]]
  digest = "1:66064fb00ae48318e8c5499fa77f33ccfb1b043a2fd4adb152a8d8b6c1dde81a"
  name = "pkg.re/essentialkaos/ek.v12"
  packages = [
    "env",
    "fmtc",
    "fmtutil",
    "mathutil",
    "options",
    "pluralize",
    "req",
    "strutil",
    "terminal/window",
    "timeutil",
    "usage",
    "usage/completion/bash",
    "usage/completion/fish",
    "usage/completion/zsh",
    "usage/man",
    "usage/update",
    "version",
  ]
  pruneopts = "UT"
  revision = "2d88cf765f1c527eb1cb85d63b0ef9f47f95851f"
  version = "v12.24.0"

[solve-meta]
  analyzer-name = "dep"
  analyzer-version = 1
  input-imports = [
    "github.com/kisielk/gotool",
    "golang.org/x/tools/go/loader",
    "pkg.re/essentialkaos/ek.v12/fmtc",
    "pkg.re/essentialkaos/ek.v12/fmtutil",
    "pkg.re/essentialkaos/ek.v12/mathutil",
    "pkg.re/essentialkaos/ek.v12/options",
    "pkg.re/essentialkaos/ek.v12/strutil",
    "pkg.re/essentialkaos/ek.v12/usage",
    "pkg.re/essentialkaos/ek.v12/usage/completion/bash",
    "pkg.re/essentialkaos/ek.v12/usage/completion/fish",
    "pkg.re/essentialkaos/ek.v12/usage/completion/zsh",
    "pkg.re/essentialkaos/ek.v12/usage/man",
    "pkg.re/essentialkaos/ek.v12/usage/update",
  ]
  solver-name = "gps-cdcl"
  solver-version = 1
