# This file is autogenerated, do not edit; changes may be undone by the next 'dep ensure'.


[[projects]]
  digest = "1:15ec2166e33ef6c60b344a04d050eec79193517e7f5082b6233b2d09ef0d10b8"
  name = "github.com/kisielk/gotool"
  packages = [
    ".",
    "internal/load",
  ]
  pruneopts = "UT"
  revision = "80517062f582ea3340cd4baf70e86d539ae7d84d"
  version = "v1.0.0"

[[projects]]
  branch = "master"
  digest = "1:0f495a83c85198dba81982ab41a623b39aa79aab211b599b88a24cabf868c201"
  name = "golang.org/x/tools"
  packages = [
    "go/ast/astutil",
    "go/buildutil",
    "go/internal/cgo",
    "go/loader",
  ]
  pruneopts = "UT"
  revision = "202502a5a9245830b5ec7b877e26b67760da8e67"

[[projects]]
  digest = "1:423b04404814d6f01acde511a3170a56f24bfaa031286e9c39a769adcf5e01fa"
  name = "pkg.re/essentialkaos/ek.v10"
  packages = [
    "env",
    "fmtc",
    "fmtutil",
    "mathutil",
    "options",
    "req",
    "strutil",
    "terminal/window",
    "usage",
    "usage/update",
    "version",
  ]
  pruneopts = "UT"
  revision = "b2d1abc129243343f9b6b3d1f36b9c2f2c80d760"
  version = "v10.8.0"

[solve-meta]
  analyzer-name = "dep"
  analyzer-version = 1
  input-imports = [
    "github.com/kisielk/gotool",
    "golang.org/x/tools/go/loader",
    "pkg.re/essentialkaos/ek.v10/fmtc",
    "pkg.re/essentialkaos/ek.v10/fmtutil",
    "pkg.re/essentialkaos/ek.v10/mathutil",
    "pkg.re/essentialkaos/ek.v10/options",
    "pkg.re/essentialkaos/ek.v10/strutil",
    "pkg.re/essentialkaos/ek.v10/usage",
    "pkg.re/essentialkaos/ek.v10/usage/update",
  ]
  solver-name = "gps-cdcl"
  solver-version = 1
